// !$*UTF8*$!
{
	archiveVersion = 1;
	classes = {
	};
	objectVersion = 56;
	objects = {

/* Begin PBXBuildFile section */
		509C88172CBD5F8D00894F1F /* ToDoListApp.swift in Sources */ = {isa = PBXBuildFile; fileRef = 509C88162CBD5F8D00894F1F /* ToDoListApp.swift */; };
		509C88192CBD5F8D00894F1F /* ContentView.swift in Sources */ = {isa = PBXBuildFile; fileRef = 509C88182CBD5F8D00894F1F /* ContentView.swift */; };
		509C881B2CBD5F8F00894F1F /* Assets.xcassets in Resources */ = {isa = PBXBuildFile; fileRef = 509C881A2CBD5F8F00894F1F /* Assets.xcassets */; };
		509C881E2CBD5F8F00894F1F /* Preview Assets.xcassets in Resources */ = {isa = PBXBuildFile; fileRef = 509C881D2CBD5F8F00894F1F /* Preview Assets.xcassets */; };
		509C88252CBD904000894F1F /* GoogleService-Info.plist in Resources */ = {isa = PBXBuildFile; fileRef = 509C88242CBD904000894F1F /* GoogleService-Info.plist */; };
		509C88282CBD956C00894F1F /* FirebaseAuth in Frameworks */ = {isa = PBXBuildFile; productRef = 509C88272CBD956C00894F1F /* FirebaseAuth */; };
		509C882A2CBD956C00894F1F /* FirebaseFirestore in Frameworks */ = {isa = PBXBuildFile; productRef = 509C88292CBD956C00894F1F /* FirebaseFirestore */; };
		509C884B2CBED79200894F1F /* ProfileView.swift in Sources */ = {isa = PBXBuildFile; fileRef = 509C884A2CBED79200894F1F /* ProfileView.swift */; };
		50FF2AAF2CBFFF1600765400 /* ToDoListView.swift in Sources */ = {isa = PBXBuildFile; fileRef = 50FF2AAE2CBFFF1600765400 /* ToDoListView.swift */; };
		50FF2AB12CBFFF2D00765400 /* NewItemView.swift in Sources */ = {isa = PBXBuildFile; fileRef = 50FF2AB02CBFFF2D00765400 /* NewItemView.swift */; };
		50FF2AB52CBFFF5E00765400 /* RegisterView.swift in Sources */ = {isa = PBXBuildFile; fileRef = 50FF2AB42CBFFF5E00765400 /* RegisterView.swift */; };
		50FF2AB72CBFFF9A00765400 /* ToDoListItemView.swift in Sources */ = {isa = PBXBuildFile; fileRef = 50FF2AB62CBFFF9A00765400 /* ToDoListItemView.swift */; };
		50FF2AB92CBFFFD500765400 /* User.swift in Sources */ = {isa = PBXBuildFile; fileRef = 50FF2AB82CBFFFD500765400 /* User.swift */; };
		50FF2ABB2CBFFFEA00765400 /* TodoListItem.swift in Sources */ = {isa = PBXBuildFile; fileRef = 50FF2ABA2CBFFFEA00765400 /* TodoListItem.swift */; };
		50FF2ABD2CC0010C00765400 /* ContentViewViewModel.swift in Sources */ = {isa = PBXBuildFile; fileRef = 50FF2ABC2CC0010C00765400 /* ContentViewViewModel.swift */; };
		50FF2ABF2CC0012200765400 /* ProfileViewViewModel.swift in Sources */ = {isa = PBXBuildFile; fileRef = 50FF2ABE2CC0012200765400 /* ProfileViewViewModel.swift */; };
		50FF2AC12CC0014000765400 /* ToDoListViewViewModel.swift in Sources */ = {isa = PBXBuildFile; fileRef = 50FF2AC02CC0014000765400 /* ToDoListViewViewModel.swift */; };
		50FF2AC32CC0015400765400 /* NewItemViewViewModel.swift in Sources */ = {isa = PBXBuildFile; fileRef = 50FF2AC22CC0015400765400 /* NewItemViewViewModel.swift */; };
		50FF2AC52CC0016100765400 /* LoginViewViewModel.swift in Sources */ = {isa = PBXBuildFile; fileRef = 50FF2AC42CC0016100765400 /* LoginViewViewModel.swift */; };
		50FF2AC72CC0016D00765400 /* RegisterViewViewModel.swift in Sources */ = {isa = PBXBuildFile; fileRef = 50FF2AC62CC0016D00765400 /* RegisterViewViewModel.swift */; };
		50FF2AC92CC0018200765400 /* ToDoListItemViewViewModel.swift in Sources */ = {isa = PBXBuildFile; fileRef = 50FF2AC82CC0018200765400 /* ToDoListItemViewViewModel.swift */; };
		50FF2ACB2CC00BBA00765400 /* HeaderView.swift in Sources */ = {isa = PBXBuildFile; fileRef = 50FF2ACA2CC00BBA00765400 /* HeaderView.swift */; };
		50FF2ACD2CC03AF100765400 /* LoginView.swift in Sources */ = {isa = PBXBuildFile; fileRef = 50FF2ACC2CC03AF100765400 /* LoginView.swift */; };
		50FF2ACF2CC0500400765400 /* TLButton.swift in Sources */ = {isa = PBXBuildFile; fileRef = 50FF2ACE2CC0500400765400 /* TLButton.swift */; };
/* End PBXBuildFile section */

/* Begin PBXFileReference section */
		509C88132CBD5F8D00894F1F /* ToDoList.app */ = {isa = PBXFileReference; explicitFileType = wrapper.application; includeInIndex = 0; path = ToDoList.app; sourceTree = BUILT_PRODUCTS_DIR; };
		509C88162CBD5F8D00894F1F /* ToDoListApp.swift */ = {isa = PBXFileReference; lastKnownFileType = sourcecode.swift; path = ToDoListApp.swift; sourceTree = "<group>"; };
		509C88182CBD5F8D00894F1F /* ContentView.swift */ = {isa = PBXFileReference; lastKnownFileType = sourcecode.swift; path = ContentView.swift; sourceTree = "<group>"; };
		509C881A2CBD5F8F00894F1F /* Assets.xcassets */ = {isa = PBXFileReference; lastKnownFileType = folder.assetcatalog; path = Assets.xcassets; sourceTree = "<group>"; };
		509C881D2CBD5F8F00894F1F /* Preview Assets.xcassets */ = {isa = PBXFileReference; lastKnownFileType = folder.assetcatalog; path = "Preview Assets.xcassets"; sourceTree = "<group>"; };
		509C88242CBD904000894F1F /* GoogleService-Info.plist */ = {isa = PBXFileReference; fileEncoding = 4; lastKnownFileType = text.plist.xml; path = "GoogleService-Info.plist"; sourceTree = "<group>"; };
		509C884A2CBED79200894F1F /* ProfileView.swift */ = {isa = PBXFileReference; lastKnownFileType = sourcecode.swift; path = ProfileView.swift; sourceTree = "<group>"; };
		50FF2AAE2CBFFF1600765400 /* ToDoListView.swift */ = {isa = PBXFileReference; lastKnownFileType = sourcecode.swift; path = ToDoListView.swift; sourceTree = "<group>"; };
		50FF2AB02CBFFF2D00765400 /* NewItemView.swift */ = {isa = PBXFileReference; lastKnownFileType = sourcecode.swift; path = NewItemView.swift; sourceTree = "<group>"; };
		50FF2AB42CBFFF5E00765400 /* RegisterView.swift */ = {isa = PBXFileReference; lastKnownFileType = sourcecode.swift; path = RegisterView.swift; sourceTree = "<group>"; };
		50FF2AB62CBFFF9A00765400 /* ToDoListItemView.swift */ = {isa = PBXFileReference; lastKnownFileType = sourcecode.swift; path = ToDoListItemView.swift; sourceTree = "<group>"; };
		50FF2AB82CBFFFD500765400 /* User.swift */ = {isa = PBXFileReference; lastKnownFileType = sourcecode.swift; path = User.swift; sourceTree = "<group>"; };
		50FF2ABA2CBFFFEA00765400 /* TodoListItem.swift */ = {isa = PBXFileReference; lastKnownFileType = sourcecode.swift; path = TodoListItem.swift; sourceTree = "<group>"; };
		50FF2ABC2CC0010C00765400 /* ContentViewViewModel.swift */ = {isa = PBXFileReference; lastKnownFileType = sourcecode.swift; path = ContentViewViewModel.swift; sourceTree = "<group>"; };
		50FF2ABE2CC0012200765400 /* ProfileViewViewModel.swift */ = {isa = PBXFileReference; lastKnownFileType = sourcecode.swift; path = ProfileViewViewModel.swift; sourceTree = "<group>"; };
		50FF2AC02CC0014000765400 /* ToDoListViewViewModel.swift */ = {isa = PBXFileReference; lastKnownFileType = sourcecode.swift; path = ToDoListViewViewModel.swift; sourceTree = "<group>"; };
		50FF2AC22CC0015400765400 /* NewItemViewViewModel.swift */ = {isa = PBXFileReference; lastKnownFileType = sourcecode.swift; path = NewItemViewViewModel.swift; sourceTree = "<group>"; };
		50FF2AC42CC0016100765400 /* LoginViewViewModel.swift */ = {isa = PBXFileReference; lastKnownFileType = sourcecode.swift; path = LoginViewViewModel.swift; sourceTree = "<group>"; };
		50FF2AC62CC0016D00765400 /* RegisterViewViewModel.swift */ = {isa = PBXFileReference; lastKnownFileType = sourcecode.swift; path = RegisterViewViewModel.swift; sourceTree = "<group>"; };
		50FF2AC82CC0018200765400 /* ToDoListItemViewViewModel.swift */ = {isa = PBXFileReference; lastKnownFileType = sourcecode.swift; path = ToDoListItemViewViewModel.swift; sourceTree = "<group>"; };
		50FF2ACA2CC00BBA00765400 /* HeaderView.swift */ = {isa = PBXFileReference; lastKnownFileType = sourcecode.swift; path = HeaderView.swift; sourceTree = "<group>"; };
		50FF2ACC2CC03AF100765400 /* LoginView.swift */ = {isa = PBXFileReference; fileEncoding = 4; lastKnownFileType = sourcecode.swift; path = LoginView.swift; sourceTree = "<group>"; };
		50FF2ACE2CC0500400765400 /* TLButton.swift */ = {isa = PBXFileReference; lastKnownFileType = sourcecode.swift; path = TLButton.swift; sourceTree = "<group>"; };
/* End PBXFileReference section */

/* Begin PBXFrameworksBuildPhase section */
		509C88102CBD5F8D00894F1F /* Frameworks */ = {
			isa = PBXFrameworksBuildPhase;
			buildActionMask = 2147483647;
			files = (
				509C88282CBD956C00894F1F /* FirebaseAuth in Frameworks */,
				509C882A2CBD956C00894F1F /* FirebaseFirestore in Frameworks */,
			);
			runOnlyForDeploymentPostprocessing = 0;
		};
/* End PBXFrameworksBuildPhase section */

/* Begin PBXGroup section */
		509C880A2CBD5F8D00894F1F = {
			isa = PBXGroup;
			children = (
				509C88152CBD5F8D00894F1F /* ToDoList */,
				509C88142CBD5F8D00894F1F /* Products */,
			);
			sourceTree = "<group>";
		};
		509C88142CBD5F8D00894F1F /* Products */ = {
			isa = PBXGroup;
			children = (
				509C88132CBD5F8D00894F1F /* ToDoList.app */,
			);
			name = Products;
			sourceTree = "<group>";
		};
		509C88152CBD5F8D00894F1F /* ToDoList */ = {
			isa = PBXGroup;
			children = (
				509C88492CBED30300894F1F /* Other */,
				509C88482CBED21E00894F1F /* Models */,
				509C88472CBED1EF00894F1F /* ViewModels */,
				509C88452CBED1C500894F1F /* Views */,
				509C881C2CBD5F8F00894F1F /* Preview Content */,
			);
			path = ToDoList;
			sourceTree = "<group>";
		};
		509C881C2CBD5F8F00894F1F /* Preview Content */ = {
			isa = PBXGroup;
			children = (
				509C881D2CBD5F8F00894F1F /* Preview Assets.xcassets */,
			);
			path = "Preview Content";
			sourceTree = "<group>";
		};
		509C88452CBED1C500894F1F /* Views */ = {
			isa = PBXGroup;
			children = (
				509C88182CBD5F8D00894F1F /* ContentView.swift */,
				509C884A2CBED79200894F1F /* ProfileView.swift */,
				50FF2AAE2CBFFF1600765400 /* ToDoListView.swift */,
				50FF2ACC2CC03AF100765400 /* LoginView.swift */,
				50FF2AB02CBFFF2D00765400 /* NewItemView.swift */,
				50FF2AB42CBFFF5E00765400 /* RegisterView.swift */,
				50FF2AB62CBFFF9A00765400 /* ToDoListItemView.swift */,
				50FF2ACA2CC00BBA00765400 /* HeaderView.swift */,
				50FF2ACE2CC0500400765400 /* TLButton.swift */,
			);
			path = Views;
			sourceTree = "<group>";
		};
		509C88472CBED1EF00894F1F /* ViewModels */ = {
			isa = PBXGroup;
			children = (
				50FF2ABC2CC0010C00765400 /* ContentViewViewModel.swift */,
				50FF2ABE2CC0012200765400 /* ProfileViewViewModel.swift */,
				50FF2AC02CC0014000765400 /* ToDoListViewViewModel.swift */,
				50FF2AC22CC0015400765400 /* NewItemViewViewModel.swift */,
				50FF2AC42CC0016100765400 /* LoginViewViewModel.swift */,
				50FF2AC62CC0016D00765400 /* RegisterViewViewModel.swift */,
				50FF2AC82CC0018200765400 /* ToDoListItemViewViewModel.swift */,
			);
			path = ViewModels;
			sourceTree = "<group>";
		};
		509C88482CBED21E00894F1F /* Models */ = {
			isa = PBXGroup;
			children = (
				50FF2AB82CBFFFD500765400 /* User.swift */,
				50FF2ABA2CBFFFEA00765400 /* TodoListItem.swift */,
			);
			path = Models;
			sourceTree = "<group>";
		};
		509C88492CBED30300894F1F /* Other */ = {
			isa = PBXGroup;
			children = (
				509C88162CBD5F8D00894F1F /* ToDoListApp.swift */,
				509C88242CBD904000894F1F /* GoogleService-Info.plist */,
				509C881A2CBD5F8F00894F1F /* Assets.xcassets */,
			);
			path = Other;
			sourceTree = "<group>";
		};
/* End PBXGroup section */

/* Begin PBXNativeTarget section */
		509C88122CBD5F8D00894F1F /* ToDoList */ = {
			isa = PBXNativeTarget;
			buildConfigurationList = 509C88212CBD5F8F00894F1F /* Build configuration list for PBXNativeTarget "ToDoList" */;
			buildPhases = (
				509C880F2CBD5F8D00894F1F /* Sources */,
				509C88102CBD5F8D00894F1F /* Frameworks */,
				509C88112CBD5F8D00894F1F /* Resources */,
			);
			buildRules = (
			);
			dependencies = (
			);
			name = ToDoList;
			packageProductDependencies = (
				509C88272CBD956C00894F1F /* FirebaseAuth */,
				509C88292CBD956C00894F1F /* FirebaseFirestore */,
			);
			productName = ToDoList;
			productReference = 509C88132CBD5F8D00894F1F /* ToDoList.app */;
			productType = "com.apple.product-type.application";
		};
/* End PBXNativeTarget section */

/* Begin PBXProject section */
		509C880B2CBD5F8D00894F1F /* Project object */ = {
			isa = PBXProject;
			attributes = {
				BuildIndependentTargetsInParallel = 1;
				LastSwiftUpdateCheck = 1540;
				LastUpgradeCheck = 1540;
				TargetAttributes = {
					509C88122CBD5F8D00894F1F = {
						CreatedOnToolsVersion = 15.4;
					};
				};
			};
			buildConfigurationList = 509C880E2CBD5F8D00894F1F /* Build configuration list for PBXProject "ToDoList" */;
			compatibilityVersion = "Xcode 14.0";
			developmentRegion = en;
			hasScannedForEncodings = 0;
			knownRegions = (
				en,
				Base,
			);
			mainGroup = 509C880A2CBD5F8D00894F1F;
			packageReferences = (
				509C88262CBD956C00894F1F /* XCRemoteSwiftPackageReference "firebase-ios-sdk" */,
			);
			productRefGroup = 509C88142CBD5F8D00894F1F /* Products */;
			projectDirPath = "";
			projectRoot = "";
			targets = (
				509C88122CBD5F8D00894F1F /* ToDoList */,
			);
		};
/* End PBXProject section */

/* Begin PBXResourcesBuildPhase section */
		509C88112CBD5F8D00894F1F /* Resources */ = {
			isa = PBXResourcesBuildPhase;
			buildActionMask = 2147483647;
			files = (
				509C881E2CBD5F8F00894F1F /* Preview Assets.xcassets in Resources */,
				509C881B2CBD5F8F00894F1F /* Assets.xcassets in Resources */,
				509C88252CBD904000894F1F /* GoogleService-Info.plist in Resources */,
			);
			runOnlyForDeploymentPostprocessing = 0;
		};
/* End PBXResourcesBuildPhase section */

/* Begin PBXSourcesBuildPhase section */
		509C880F2CBD5F8D00894F1F /* Sources */ = {
			isa = PBXSourcesBuildPhase;
			buildActionMask = 2147483647;
			files = (
				50FF2ABB2CBFFFEA00765400 /* TodoListItem.swift in Sources */,
				50FF2ACB2CC00BBA00765400 /* HeaderView.swift in Sources */,
				50FF2ABD2CC0010C00765400 /* ContentViewViewModel.swift in Sources */,
				50FF2AC72CC0016D00765400 /* RegisterViewViewModel.swift in Sources */,
				509C88192CBD5F8D00894F1F /* ContentView.swift in Sources */,
				50FF2AAF2CBFFF1600765400 /* ToDoListView.swift in Sources */,
				50FF2ABF2CC0012200765400 /* ProfileViewViewModel.swift in Sources */,
				50FF2ACF2CC0500400765400 /* TLButton.swift in Sources */,
				50FF2AB52CBFFF5E00765400 /* RegisterView.swift in Sources */,
				509C884B2CBED79200894F1F /* ProfileView.swift in Sources */,
				50FF2AB92CBFFFD500765400 /* User.swift in Sources */,
				50FF2AC12CC0014000765400 /* ToDoListViewViewModel.swift in Sources */,
				50FF2AC52CC0016100765400 /* LoginViewViewModel.swift in Sources */,
				50FF2ACD2CC03AF100765400 /* LoginView.swift in Sources */,
				50FF2AB72CBFFF9A00765400 /* ToDoListItemView.swift in Sources */,
				509C88172CBD5F8D00894F1F /* ToDoListApp.swift in Sources */,
				50FF2AB12CBFFF2D00765400 /* NewItemView.swift in Sources */,
				50FF2AC32CC0015400765400 /* NewItemViewViewModel.swift in Sources */,
				50FF2AC92CC0018200765400 /* ToDoListItemViewViewModel.swift in Sources */,
			);
			runOnlyForDeploymentPostprocessing = 0;
		};
/* End PBXSourcesBuildPhase section */

/* Begin XCBuildConfiguration section */
		509C881F2CBD5F8F00894F1F /* Debug */ = {
			isa = XCBuildConfiguration;
			buildSettings = {
				ALWAYS_SEARCH_USER_PATHS = NO;
				ASSETCATALOG_COMPILER_GENERATE_SWIFT_ASSET_SYMBOL_EXTENSIONS = YES;
				CLANG_ANALYZER_NONNULL = YES;
				CLANG_ANALYZER_NUMBER_OBJECT_CONVERSION = YES_AGGRESSIVE;
				CLANG_CXX_LANGUAGE_STANDARD = "gnu++20";
				CLANG_ENABLE_MODULES = YES;
				CLANG_ENABLE_OBJC_ARC = YES;
				CLANG_ENABLE_OBJC_WEAK = YES;
				CLANG_WARN_BLOCK_CAPTURE_AUTORELEASING = YES;
				CLANG_WARN_BOOL_CONVERSION = YES;
				CLANG_WARN_COMMA = YES;
				CLANG_WARN_CONSTANT_CONVERSION = YES;
				CLANG_WARN_DEPRECATED_OBJC_IMPLEMENTATIONS = YES;
				CLANG_WARN_DIRECT_OBJC_ISA_USAGE = YES_ERROR;
				CLANG_WARN_DOCUMENTATION_COMMENTS = YES;
				CLANG_WARN_EMPTY_BODY = YES;
				CLANG_WARN_ENUM_CONVERSION = YES;
				CLANG_WARN_INFINITE_RECURSION = YES;
				CLANG_WARN_INT_CONVERSION = YES;
				CLANG_WARN_NON_LITERAL_NULL_CONVERSION = YES;
				CLANG_WARN_OBJC_IMPLICIT_RETAIN_SELF = YES;
				CLANG_WARN_OBJC_LITERAL_CONVERSION = YES;
				CLANG_WARN_OBJC_ROOT_CLASS = YES_ERROR;
				CLANG_WARN_QUOTED_INCLUDE_IN_FRAMEWORK_HEADER = YES;
				CLANG_WARN_RANGE_LOOP_ANALYSIS = YES;
				CLANG_WARN_STRICT_PROTOTYPES = YES;
				CLANG_WARN_SUSPICIOUS_MOVE = YES;
				CLANG_WARN_UNGUARDED_AVAILABILITY = YES_AGGRESSIVE;
				CLANG_WARN_UNREACHABLE_CODE = YES;
				CLANG_WARN__DUPLICATE_METHOD_MATCH = YES;
				COPY_PHASE_STRIP = NO;
				DEBUG_INFORMATION_FORMAT = dwarf;
				ENABLE_STRICT_OBJC_MSGSEND = YES;
				ENABLE_TESTABILITY = YES;
				ENABLE_USER_SCRIPT_SANDBOXING = YES;
				GCC_C_LANGUAGE_STANDARD = gnu17;
				GCC_DYNAMIC_NO_PIC = NO;
				GCC_NO_COMMON_BLOCKS = YES;
				GCC_OPTIMIZATION_LEVEL = 0;
				GCC_PREPROCESSOR_DEFINITIONS = (
					"DEBUG=1",
					"$(inherited)",
				);
				GCC_WARN_64_TO_32_BIT_CONVERSION = YES;
				GCC_WARN_ABOUT_RETURN_TYPE = YES_ERROR;
				GCC_WARN_UNDECLARED_SELECTOR = YES;
				GCC_WARN_UNINITIALIZED_AUTOS = YES_AGGRESSIVE;
				GCC_WARN_UNUSED_FUNCTION = YES;
				GCC_WARN_UNUSED_VARIABLE = YES;
				IPHONEOS_DEPLOYMENT_TARGET = 17.5;
				LOCALIZATION_PREFERS_STRING_CATALOGS = YES;
				MTL_ENABLE_DEBUG_INFO = INCLUDE_SOURCE;
				MTL_FAST_MATH = YES;
				ONLY_ACTIVE_ARCH = YES;
				SDKROOT = iphoneos;
				SWIFT_ACTIVE_COMPILATION_CONDITIONS = "DEBUG $(inherited)";
				SWIFT_OPTIMIZATION_LEVEL = "-Onone";
			};
			name = Debug;
		};
		509C88202CBD5F8F00894F1F /* Release */ = {
			isa = XCBuildConfiguration;
			buildSettings = {
				ALWAYS_SEARCH_USER_PATHS = NO;
				ASSETCATALOG_COMPILER_GENERATE_SWIFT_ASSET_SYMBOL_EXTENSIONS = YES;
				CLANG_ANALYZER_NONNULL = YES;
				CLANG_ANALYZER_NUMBER_OBJECT_CONVERSION = YES_AGGRESSIVE;
				CLANG_CXX_LANGUAGE_STANDARD = "gnu++20";
				CLANG_ENABLE_MODULES = YES;
				CLANG_ENABLE_OBJC_ARC = YES;
				CLANG_ENABLE_OBJC_WEAK = YES;
				CLANG_WARN_BLOCK_CAPTURE_AUTORELEASING = YES;
				CLANG_WARN_BOOL_CONVERSION = YES;
				CLANG_WARN_COMMA = YES;
				CLANG_WARN_CONSTANT_CONVERSION = YES;
				CLANG_WARN_DEPRECATED_OBJC_IMPLEMENTATIONS = YES;
				CLANG_WARN_DIRECT_OBJC_ISA_USAGE = YES_ERROR;
				CLANG_WARN_DOCUMENTATION_COMMENTS = YES;
				CLANG_WARN_EMPTY_BODY = YES;
				CLANG_WARN_ENUM_CONVERSION = YES;
				CLANG_WARN_INFINITE_RECURSION = YES;
				CLANG_WARN_INT_CONVERSION = YES;
				CLANG_WARN_NON_LITERAL_NULL_CONVERSION = YES;
				CLANG_WARN_OBJC_IMPLICIT_RETAIN_SELF = YES;
				CLANG_WARN_OBJC_LITERAL_CONVERSION = YES;
				CLANG_WARN_OBJC_ROOT_CLASS = YES_ERROR;
				CLANG_WARN_QUOTED_INCLUDE_IN_FRAMEWORK_HEADER = YES;
				CLANG_WARN_RANGE_LOOP_ANALYSIS = YES;
				CLANG_WARN_STRICT_PROTOTYPES = YES;
				CLANG_WARN_SUSPICIOUS_MOVE = YES;
				CLANG_WARN_UNGUARDED_AVAILABILITY = YES_AGGRESSIVE;
				CLANG_WARN_UNREACHABLE_CODE = YES;
				CLANG_WARN__DUPLICATE_METHOD_MATCH = YES;
				COPY_PHASE_STRIP = NO;
				DEBUG_INFORMATION_FORMAT = "dwarf-with-dsym";
				ENABLE_NS_ASSERTIONS = NO;
				ENABLE_STRICT_OBJC_MSGSEND = YES;
				ENABLE_USER_SCRIPT_SANDBOXING = YES;
				GCC_C_LANGUAGE_STANDARD = gnu17;
				GCC_NO_COMMON_BLOCKS = YES;
				GCC_WARN_64_TO_32_BIT_CONVERSION = YES;
				GCC_WARN_ABOUT_RETURN_TYPE = YES_ERROR;
				GCC_WARN_UNDECLARED_SELECTOR = YES;
				GCC_WARN_UNINITIALIZED_AUTOS = YES_AGGRESSIVE;
				GCC_WARN_UNUSED_FUNCTION = YES;
				GCC_WARN_UNUSED_VARIABLE = YES;
				IPHONEOS_DEPLOYMENT_TARGET = 17.5;
				LOCALIZATION_PREFERS_STRING_CATALOGS = YES;
				MTL_ENABLE_DEBUG_INFO = NO;
				MTL_FAST_MATH = YES;
				SDKROOT = iphoneos;
				SWIFT_COMPILATION_MODE = wholemodule;
				VALIDATE_PRODUCT = YES;
			};
			name = Release;
		};
		509C88222CBD5F8F00894F1F /* Debug */ = {
			isa = XCBuildConfiguration;
			buildSettings = {
				ASSETCATALOG_COMPILER_APPICON_NAME = AppIcon;
				ASSETCATALOG_COMPILER_GLOBAL_ACCENT_COLOR_NAME = AccentColor;
				CODE_SIGN_STYLE = Automatic;
				CURRENT_PROJECT_VERSION = 1;
				DEVELOPMENT_ASSET_PATHS = "\"ToDoList/Preview Content\"";
				ENABLE_PREVIEWS = YES;
				GENERATE_INFOPLIST_FILE = YES;
				INFOPLIST_KEY_CFBundleDisplayName = "To Do List";
				INFOPLIST_KEY_UIApplicationSceneManifest_Generation = YES;
				INFOPLIST_KEY_UIApplicationSupportsIndirectInputEvents = YES;
				INFOPLIST_KEY_UILaunchScreen_Generation = YES;
				INFOPLIST_KEY_UISupportedInterfaceOrientations = UIInterfaceOrientationPortrait;
				LD_RUNPATH_SEARCH_PATHS = (
					"$(inherited)",
					"@executable_path/Frameworks",
				);
				MARKETING_VERSION = 1.0;
				PRODUCT_BUNDLE_IDENTIFIER = name.resham.ToDoList;
				PRODUCT_NAME = "$(TARGET_NAME)";
				SWIFT_EMIT_LOC_STRINGS = YES;
				SWIFT_VERSION = 5.0;
				TARGETED_DEVICE_FAMILY = "1,2";
			};
			name = Debug;
		};
		509C88232CBD5F8F00894F1F /* Release */ = {
			isa = XCBuildConfiguration;
			buildSettings = {
				ASSETCATALOG_COMPILER_APPICON_NAME = AppIcon;
				ASSETCATALOG_COMPILER_GLOBAL_ACCENT_COLOR_NAME = AccentColor;
				CODE_SIGN_STYLE = Automatic;
				CURRENT_PROJECT_VERSION = 1;
				DEVELOPMENT_ASSET_PATHS = "\"ToDoList/Preview Content\"";
				ENABLE_PREVIEWS = YES;
				GENERATE_INFOPLIST_FILE = YES;
				INFOPLIST_KEY_CFBundleDisplayName = "To Do List";
				INFOPLIST_KEY_UIApplicationSceneManifest_Generation = YES;
				INFOPLIST_KEY_UIApplicationSupportsIndirectInputEvents = YES;
				INFOPLIST_KEY_UILaunchScreen_Generation = YES;
				INFOPLIST_KEY_UISupportedInterfaceOrientations = UIInterfaceOrientationPortrait;
				LD_RUNPATH_SEARCH_PATHS = (
					"$(inherited)",
					"@executable_path/Frameworks",
				);
				MARKETING_VERSION = 1.0;
				PRODUCT_BUNDLE_IDENTIFIER = name.resham.ToDoList;
				PRODUCT_NAME = "$(TARGET_NAME)";
				SWIFT_EMIT_LOC_STRINGS = YES;
				SWIFT_VERSION = 5.0;
				TARGETED_DEVICE_FAMILY = "1,2";
			};
			name = Release;
		};
/* End XCBuildConfiguration section */

/* Begin XCConfigurationList section */
		509C880E2CBD5F8D00894F1F /* Build configuration list for PBXProject "ToDoList" */ = {
			isa = XCConfigurationList;
			buildConfigurations = (
				509C881F2CBD5F8F00894F1F /* Debug */,
				509C88202CBD5F8F00894F1F /* Release */,
			);
			defaultConfigurationIsVisible = 0;
			defaultConfigurationName = Release;
		};
		509C88212CBD5F8F00894F1F /* Build configuration list for PBXNativeTarget "ToDoList" */ = {
			isa = XCConfigurationList;
			buildConfigurations = (
				509C88222CBD5F8F00894F1F /* Debug */,
				509C88232CBD5F8F00894F1F /* Release */,
			);
			defaultConfigurationIsVisible = 0;
			defaultConfigurationName = Release;
		};
/* End XCConfigurationList section */

/* Begin XCRemoteSwiftPackageReference section */
		509C88262CBD956C00894F1F /* XCRemoteSwiftPackageReference "firebase-ios-sdk" */ = {
			isa = XCRemoteSwiftPackageReference;
			repositoryURL = "https://github.com/firebase/firebase-ios-sdk";
			requirement = {
				kind = upToNextMajorVersion;
				minimumVersion = 11.3.0;
			};
		};
/* End XCRemoteSwiftPackageReference section */

/* Begin XCSwiftPackageProductDependency section */
		509C88272CBD956C00894F1F /* FirebaseAuth */ = {
			isa = XCSwiftPackageProductDependency;
			package = 509C88262CBD956C00894F1F /* XCRemoteSwiftPackageReference "firebase-ios-sdk" */;
			productName = FirebaseAuth;
		};
		509C88292CBD956C00894F1F /* FirebaseFirestore */ = {
			isa = XCSwiftPackageProductDependency;
			package = 509C88262CBD956C00894F1F /* XCRemoteSwiftPackageReference "firebase-ios-sdk" */;
			productName = FirebaseFirestore;
		};
/* End XCSwiftPackageProductDependency section */
	};
	rootObject = 509C880B2CBD5F8D00894F1F /* Project object */;
}
